
Microsoft Visual Studio Solution File, Format Version 12.00
# Visual Studio Version 17
VisualStudioVersion = 17.6.33712.159
MinimumVisualStudioVersion = 10.0.40219.1
Project("{FAE04EC0-301F-11D3-BF4B-00C04F79EFBC}") = "LinkovSubstitutionPrincipleExample", "LinkovSubstitutionPrincipleExample.csproj", "{909944EA-C64C-42C1-82C2-ACED08CEBBA9}"
EndProject
Global
	GlobalSection(SolutionConfigurationPlatforms) = preSolution
		Debug|Any CPU = Debug|Any CPU
		Release|Any CPU = Release|Any CPU
	EndGlobalSection
	GlobalSection(ProjectConfigurationPlatforms) = postSolution
		{909944EA-C64C-42C1-82C2-ACED08CEBBA9}.Debug|Any CPU.ActiveCfg = Debug|Any CPU
		{909944EA-C64C-42C1-82C2-ACED08CEBBA9}.Debug|Any CPU.Build.0 = Debug|Any CPU
		{909944EA-C64C-42C1-82C2-ACED08CEBBA9}.Release|Any CPU.ActiveCfg = Release|Any CPU
		{909944EA-C64C-42C1-82C2-ACED08CEBBA9}.Release|Any CPU.Build.0 = Release|Any CPU
	EndGlobalSection
	GlobalSection(SolutionProperties) = preSolution
		HideSolutionNode = FALSE
	EndGlobalSection
	GlobalSection(ExtensibilityGlobals) = postSolution
		SolutionGuid = {43DFDCAB-51E9-4F0D-B2C3-82735FBBC339}
	EndGlobalSection
EndGlobal
